// !$*UTF8*$!
{
	archiveVersion = 1;
	classes = {
	};
	objectVersion = 55;
	objects = {

/* Begin PBXBuildFile section */
		44306AB9275748EC00863DB9 /* ServiceViewController.swift in Sources */ = {isa = PBXBuildFile; fileRef = 44306AB8275748EC00863DB9 /* ServiceViewController.swift */; };
		44306ABD2757533800863DB9 /* OrderViewController.swift in Sources */ = {isa = PBXBuildFile; fileRef = 44306ABC2757533800863DB9 /* OrderViewController.swift */; };
		44306ABF2757534600863DB9 /* OrdersTableViewController.swift in Sources */ = {isa = PBXBuildFile; fileRef = 44306ABE2757534600863DB9 /* OrdersTableViewController.swift */; };
		44306AC52757AEFE00863DB9 /* RowOfOrderViewController.swift in Sources */ = {isa = PBXBuildFile; fileRef = 44306AC42757AEFE00863DB9 /* RowOfOrderViewController.swift */; };
		44306AC72757D7EB00863DB9 /* ReportTableViewController.swift in Sources */ = {isa = PBXBuildFile; fileRef = 44306AC62757D7EB00863DB9 /* ReportTableViewController.swift */; };
		44DBCF9427556FF2001BD438 /* CoreDataManager.swift in Sources */ = {isa = PBXBuildFile; fileRef = 44DBCF9327556FF2001BD438 /* CoreDataManager.swift */; };
		44DBCF9627564867001BD438 /* CustomersTableViewController.swift in Sources */ = {isa = PBXBuildFile; fileRef = 44DBCF9527564867001BD438 /* CustomersTableViewController.swift */; };
		44DBCF9C275652C7001BD438 /* CustomerViewController.swift in Sources */ = {isa = PBXBuildFile; fileRef = 44DBCF9B275652C7001BD438 /* CustomerViewController.swift */; };
		44DBCF9E27573FA1001BD438 /* ServicesTableTableViewController.swift in Sources */ = {isa = PBXBuildFile; fileRef = 44DBCF9D27573FA1001BD438 /* ServicesTableTableViewController.swift */; };
		44EDE6E927550060006FDB63 /* AppDelegate.swift in Sources */ = {isa = PBXBuildFile; fileRef = 44EDE6E827550060006FDB63 /* AppDelegate.swift */; };
		44EDE6ED27550060006FDB63 /* ViewController.swift in Sources */ = {isa = PBXBuildFile; fileRef = 44EDE6EC27550060006FDB63 /* ViewController.swift */; };
		44EDE6F327550060006FDB63 /* OrderManagement.xcdatamodeld in Sources */ = {isa = PBXBuildFile; fileRef = 44EDE6F127550060006FDB63 /* OrderManagement.xcdatamodeld */; };
		44EDE6F527550062006FDB63 /* Assets.xcassets in Resources */ = {isa = PBXBuildFile; fileRef = 44EDE6F427550062006FDB63 /* Assets.xcassets */; };
		44EDE6F827550062006FDB63 /* LaunchScreen.storyboard in Resources */ = {isa = PBXBuildFile; fileRef = 44EDE6F627550062006FDB63 /* LaunchScreen.storyboard */; };
		44EDE70727552543006FDB63 /* Service+CoreDataClass.swift in Sources */ = {isa = PBXBuildFile; fileRef = 44EDE6FF27552543006FDB63 /* Service+CoreDataClass.swift */; };
		44EDE70827552543006FDB63 /* Service+CoreDataProperties.swift in Sources */ = {isa = PBXBuildFile; fileRef = 44EDE70027552543006FDB63 /* Service+CoreDataProperties.swift */; };
		44EDE70927552543006FDB63 /* RowOfOrder+CoreDataClass.swift in Sources */ = {isa = PBXBuildFile; fileRef = 44EDE70127552543006FDB63 /* RowOfOrder+CoreDataClass.swift */; };
		44EDE70A27552543006FDB63 /* RowOfOrder+CoreDataProperties.swift in Sources */ = {isa = PBXBuildFile; fileRef = 44EDE70227552543006FDB63 /* RowOfOrder+CoreDataProperties.swift */; };
		44EDE70B27552543006FDB63 /* Order+CoreDataClass.swift in Sources */ = {isa = PBXBuildFile; fileRef = 44EDE70327552543006FDB63 /* Order+CoreDataClass.swift */; };
		44EDE70C27552543006FDB63 /* Order+CoreDataProperties.swift in Sources */ = {isa = PBXBuildFile; fileRef = 44EDE70427552543006FDB63 /* Order+CoreDataProperties.swift */; };
		44EDE70D27552543006FDB63 /* Customer+CoreDataClass.swift in Sources */ = {isa = PBXBuildFile; fileRef = 44EDE70527552543006FDB63 /* Customer+CoreDataClass.swift */; };
		44EDE70E27552543006FDB63 /* Customer+CoreDataProperties.swift in Sources */ = {isa = PBXBuildFile; fileRef = 44EDE70627552543006FDB63 /* Customer+CoreDataProperties.swift */; };
/* End PBXBuildFile section */

/* Begin PBXFileReference section */
		44306AB8275748EC00863DB9 /* ServiceViewController.swift */ = {isa = PBXFileReference; lastKnownFileType = sourcecode.swift; path = ServiceViewController.swift; sourceTree = "<group>"; };
		44306ABC2757533800863DB9 /* OrderViewController.swift */ = {isa = PBXFileReference; lastKnownFileType = sourcecode.swift; path = OrderViewController.swift; sourceTree = "<group>"; };
		44306ABE2757534600863DB9 /* OrdersTableViewController.swift */ = {isa = PBXFileReference; lastKnownFileType = sourcecode.swift; path = OrdersTableViewController.swift; sourceTree = "<group>"; };
		44306AC42757AEFE00863DB9 /* RowOfOrderViewController.swift */ = {isa = PBXFileReference; lastKnownFileType = sourcecode.swift; path = RowOfOrderViewController.swift; sourceTree = "<group>"; };
		44306AC62757D7EB00863DB9 /* ReportTableViewController.swift */ = {isa = PBXFileReference; lastKnownFileType = sourcecode.swift; name = ReportTableViewController.swift; path = OrderManagement/ViewController/Report/ReportTableViewController.swift; sourceTree = SOURCE_ROOT; };
		44DBCF9327556FF2001BD438 /* CoreDataManager.swift */ = {isa = PBXFileReference; lastKnownFileType = sourcecode.swift; path = CoreDataManager.swift; sourceTree = "<group>"; };
		44DBCF9527564867001BD438 /* CustomersTableViewController.swift */ = {isa = PBXFileReference; lastKnownFileType = sourcecode.swift; path = CustomersTableViewController.swift; sourceTree = "<group>"; };
		44DBCF9B275652C7001BD438 /* CustomerViewController.swift */ = {isa = PBXFileReference; lastKnownFileType = sourcecode.swift; path = CustomerViewController.swift; sourceTree = "<group>"; };
		44DBCF9D27573FA1001BD438 /* ServicesTableTableViewController.swift */ = {isa = PBXFileReference; lastKnownFileType = sourcecode.swift; path = ServicesTableTableViewController.swift; sourceTree = "<group>"; };
		44EDE6E527550060006FDB63 /* OrderManagement.app */ = {isa = PBXFileReference; explicitFileType = wrapper.application; includeInIndex = 0; path = OrderManagement.app; sourceTree = BUILT_PRODUCTS_DIR; };
		44EDE6E827550060006FDB63 /* AppDelegate.swift */ = {isa = PBXFileReference; lastKnownFileType = sourcecode.swift; path = AppDelegate.swift; sourceTree = "<group>"; };
		44EDE6EC27550060006FDB63 /* ViewController.swift */ = {isa = PBXFileReference; lastKnownFileType = sourcecode.swift; path = ViewController.swift; sourceTree = "<group>"; };
		44EDE6F227550060006FDB63 /* OrderManagement.xcdatamodel */ = {isa = PBXFileReference; lastKnownFileType = wrapper.xcdatamodel; path = OrderManagement.xcdatamodel; sourceTree = "<group>"; };
		44EDE6F427550062006FDB63 /* Assets.xcassets */ = {isa = PBXFileReference; lastKnownFileType = folder.assetcatalog; path = Assets.xcassets; sourceTree = "<group>"; };
		44EDE6F727550062006FDB63 /* Base */ = {isa = PBXFileReference; lastKnownFileType = file.storyboard; name = Base; path = Base.lproj/LaunchScreen.storyboard; sourceTree = "<group>"; };
		44EDE6F927550062006FDB63 /* Info.plist */ = {isa = PBXFileReference; lastKnownFileType = text.plist.xml; path = Info.plist; sourceTree = "<group>"; };
		44EDE6FF27552543006FDB63 /* Service+CoreDataClass.swift */ = {isa = PBXFileReference; lastKnownFileType = sourcecode.swift; path = "Service+CoreDataClass.swift"; sourceTree = "<group>"; };
		44EDE70027552543006FDB63 /* Service+CoreDataProperties.swift */ = {isa = PBXFileReference; lastKnownFileType = sourcecode.swift; path = "Service+CoreDataProperties.swift"; sourceTree = "<group>"; };
		44EDE70127552543006FDB63 /* RowOfOrder+CoreDataClass.swift */ = {isa = PBXFileReference; lastKnownFileType = sourcecode.swift; path = "RowOfOrder+CoreDataClass.swift"; sourceTree = "<group>"; };
		44EDE70227552543006FDB63 /* RowOfOrder+CoreDataProperties.swift */ = {isa = PBXFileReference; lastKnownFileType = sourcecode.swift; path = "RowOfOrder+CoreDataProperties.swift"; sourceTree = "<group>"; };
		44EDE70327552543006FDB63 /* Order+CoreDataClass.swift */ = {isa = PBXFileReference; lastKnownFileType = sourcecode.swift; path = "Order+CoreDataClass.swift"; sourceTree = "<group>"; };
		44EDE70427552543006FDB63 /* Order+CoreDataProperties.swift */ = {isa = PBXFileReference; lastKnownFileType = sourcecode.swift; path = "Order+CoreDataProperties.swift"; sourceTree = "<group>"; };
		44EDE70527552543006FDB63 /* Customer+CoreDataClass.swift */ = {isa = PBXFileReference; lastKnownFileType = sourcecode.swift; path = "Customer+CoreDataClass.swift"; sourceTree = "<group>"; };
		44EDE70627552543006FDB63 /* Customer+CoreDataProperties.swift */ = {isa = PBXFileReference; lastKnownFileType = sourcecode.swift; path = "Customer+CoreDataProperties.swift"; sourceTree = "<group>"; };
/* End PBXFileReference section */

/* Begin PBXFrameworksBuildPhase section */
		44EDE6E227550060006FDB63 /* Frameworks */ = {
			isa = PBXFrameworksBuildPhase;
			buildActionMask = 2147483647;
			files = (
			);
			runOnlyForDeploymentPostprocessing = 0;
		};
/* End PBXFrameworksBuildPhase section */

/* Begin PBXGroup section */
		44127D54275890F90047CD2A /* Report */ = {
			isa = PBXGroup;
			children = (
				44306AC62757D7EB00863DB9 /* ReportTableViewController.swift */,
			);
			path = Report;
			sourceTree = "<group>";
		};
		44306ABA2757519500863DB9 /* Customers */ = {
			isa = PBXGroup;
			children = (
				44DBCF9527564867001BD438 /* CustomersTableViewController.swift */,
				44DBCF9B275652C7001BD438 /* CustomerViewController.swift */,
			);
			path = Customers;
			sourceTree = "<group>";
		};
		44306ABB275751A000863DB9 /* Services */ = {
			isa = PBXGroup;
			children = (
				44DBCF9D27573FA1001BD438 /* ServicesTableTableViewController.swift */,
				44306AB8275748EC00863DB9 /* ServiceViewController.swift */,
			);
			path = Services;
			sourceTree = "<group>";
		};
		44306AC02757A61700863DB9 /* Orders */ = {
			isa = PBXGroup;
			children = (
				44306AC42757AEFE00863DB9 /* RowOfOrderViewController.swift */,
				44306ABC2757533800863DB9 /* OrderViewController.swift */,
				44306ABE2757534600863DB9 /* OrdersTableViewController.swift */,
			);
			path = Orders;
			sourceTree = "<group>";
		};
		44DBCF97275651A0001BD438 /* CoreData */ = {
			isa = PBXGroup;
			children = (
				44EDE6F127550060006FDB63 /* OrderManagement.xcdatamodeld */,
				44EDE70127552543006FDB63 /* RowOfOrder+CoreDataClass.swift */,
				44EDE6FF27552543006FDB63 /* Service+CoreDataClass.swift */,
				44EDE70027552543006FDB63 /* Service+CoreDataProperties.swift */,
				44EDE70227552543006FDB63 /* RowOfOrder+CoreDataProperties.swift */,
				44EDE70327552543006FDB63 /* Order+CoreDataClass.swift */,
				44EDE70427552543006FDB63 /* Order+CoreDataProperties.swift */,
				44EDE70527552543006FDB63 /* Customer+CoreDataClass.swift */,
				44EDE70627552543006FDB63 /* Customer+CoreDataProperties.swift */,
			);
			path = CoreData;
			sourceTree = "<group>";
		};
		44DBCF98275651BF001BD438 /* ViewController */ = {
			isa = PBXGroup;
			children = (
				44EDE6EC27550060006FDB63 /* ViewController.swift */,
				44306ABA2757519500863DB9 /* Customers */,
				44306ABB275751A000863DB9 /* Services */,
				44306AC02757A61700863DB9 /* Orders */,
				44127D54275890F90047CD2A /* Report */,
			);
			path = ViewController;
			sourceTree = "<group>";
		};
		44DBCF99275651D1001BD438 /* Model */ = {
			isa = PBXGroup;
			children = (
				44DBCF9327556FF2001BD438 /* CoreDataManager.swift */,
			);
			path = Model;
			sourceTree = "<group>";
		};
		44EDE6DC27550060006FDB63 = {
			isa = PBXGroup;
			children = (
				44DBCF97275651A0001BD438 /* CoreData */,
				44EDE6E727550060006FDB63 /* OrderManagement */,
				44EDE6E627550060006FDB63 /* Products */,
			);
			sourceTree = "<group>";
		};
		44EDE6E627550060006FDB63 /* Products */ = {
			isa = PBXGroup;
			children = (
				44EDE6E527550060006FDB63 /* OrderManagement.app */,
			);
			name = Products;
			sourceTree = "<group>";
		};
		44EDE6E727550060006FDB63 /* OrderManagement */ = {
			isa = PBXGroup;
			children = (
				44DBCF98275651BF001BD438 /* ViewController */,
				44DBCF99275651D1001BD438 /* Model */,
				44EDE6F627550062006FDB63 /* LaunchScreen.storyboard */,
				44EDE6E827550060006FDB63 /* AppDelegate.swift */,
				44EDE6F427550062006FDB63 /* Assets.xcassets */,
				44EDE6F927550062006FDB63 /* Info.plist */,
			);
			path = OrderManagement;
			sourceTree = "<group>";
		};
/* End PBXGroup section */

/* Begin PBXNativeTarget section */
		44EDE6E427550060006FDB63 /* OrderManagement */ = {
			isa = PBXNativeTarget;
			buildConfigurationList = 44EDE6FC27550062006FDB63 /* Build configuration list for PBXNativeTarget "OrderManagement" */;
			buildPhases = (
				44EDE6E127550060006FDB63 /* Sources */,
				44EDE6E227550060006FDB63 /* Frameworks */,
				44EDE6E327550060006FDB63 /* Resources */,
			);
			buildRules = (
			);
			dependencies = (
			);
			name = OrderManagement;
			productName = OrderManagement;
			productReference = 44EDE6E527550060006FDB63 /* OrderManagement.app */;
			productType = "com.apple.product-type.application";
		};
/* End PBXNativeTarget section */

/* Begin PBXProject section */
		44EDE6DD27550060006FDB63 /* Project object */ = {
			isa = PBXProject;
			attributes = {
				BuildIndependentTargetsInParallel = 1;
				LastSwiftUpdateCheck = 1310;
				LastUpgradeCheck = 1310;
				TargetAttributes = {
					44EDE6E427550060006FDB63 = {
						CreatedOnToolsVersion = 13.1;
					};
				};
			};
			buildConfigurationList = 44EDE6E027550060006FDB63 /* Build configuration list for PBXProject "OrderManagement" */;
			compatibilityVersion = "Xcode 13.0";
			developmentRegion = en;
			hasScannedForEncodings = 0;
			knownRegions = (
				en,
				Base,
			);
			mainGroup = 44EDE6DC27550060006FDB63;
			productRefGroup = 44EDE6E627550060006FDB63 /* Products */;
			projectDirPath = "";
			projectRoot = "";
			targets = (
				44EDE6E427550060006FDB63 /* OrderManagement */,
			);
		};
/* End PBXProject section */

/* Begin PBXResourcesBuildPhase section */
		44EDE6E327550060006FDB63 /* Resources */ = {
			isa = PBXResourcesBuildPhase;
			buildActionMask = 2147483647;
			files = (
				44EDE6F827550062006FDB63 /* LaunchScreen.storyboard in Resources */,
				44EDE6F527550062006FDB63 /* Assets.xcassets in Resources */,
			);
			runOnlyForDeploymentPostprocessing = 0;
		};
/* End PBXResourcesBuildPhase section */

/* Begin PBXSourcesBuildPhase section */
		44EDE6E127550060006FDB63 /* Sources */ = {
			isa = PBXSourcesBuildPhase;
			buildActionMask = 2147483647;
			files = (
				44306AC52757AEFE00863DB9 /* RowOfOrderViewController.swift in Sources */,
				44306AC72757D7EB00863DB9 /* ReportTableViewController.swift in Sources */,
				44EDE70C27552543006FDB63 /* Order+CoreDataProperties.swift in Sources */,
				44EDE70E27552543006FDB63 /* Customer+CoreDataProperties.swift in Sources */,
				44EDE6ED27550060006FDB63 /* ViewController.swift in Sources */,
				44EDE70A27552543006FDB63 /* RowOfOrder+CoreDataProperties.swift in Sources */,
				44EDE70827552543006FDB63 /* Service+CoreDataProperties.swift in Sources */,
				44EDE6F327550060006FDB63 /* OrderManagement.xcdatamodeld in Sources */,
				44306AB9275748EC00863DB9 /* ServiceViewController.swift in Sources */,
				44DBCF9C275652C7001BD438 /* CustomerViewController.swift in Sources */,
				44306ABF2757534600863DB9 /* OrdersTableViewController.swift in Sources */,
				44306ABD2757533800863DB9 /* OrderViewController.swift in Sources */,
				44DBCF9627564867001BD438 /* CustomersTableViewController.swift in Sources */,
				44DBCF9427556FF2001BD438 /* CoreDataManager.swift in Sources */,
				44EDE70D27552543006FDB63 /* Customer+CoreDataClass.swift in Sources */,
				44EDE70B27552543006FDB63 /* Order+CoreDataClass.swift in Sources */,
				44EDE6E927550060006FDB63 /* AppDelegate.swift in Sources */,
				44EDE70927552543006FDB63 /* RowOfOrder+CoreDataClass.swift in Sources */,
				44EDE70727552543006FDB63 /* Service+CoreDataClass.swift in Sources */,
				44DBCF9E27573FA1001BD438 /* ServicesTableTableViewController.swift in Sources */,
			);
			runOnlyForDeploymentPostprocessing = 0;
		};
/* End PBXSourcesBuildPhase section */

/* Begin PBXVariantGroup section */
		44EDE6F627550062006FDB63 /* LaunchScreen.storyboard */ = {
			isa = PBXVariantGroup;
			children = (
				44EDE6F727550062006FDB63 /* Base */,
			);
			name = LaunchScreen.storyboard;
			sourceTree = "<group>";
		};
/* End PBXVariantGroup section */

/* Begin XCBuildConfiguration section */
		44EDE6FA27550062006FDB63 /* Debug */ = {
			isa = XCBuildConfiguration;
			buildSettings = {
				ALWAYS_SEARCH_USER_PATHS = NO;
				CLANG_ANALYZER_NONNULL = YES;
				CLANG_ANALYZER_NUMBER_OBJECT_CONVERSION = YES_AGGRESSIVE;
				CLANG_CXX_LANGUAGE_STANDARD = "gnu++17";
				CLANG_CXX_LIBRARY = "libc++";
				CLANG_ENABLE_MODULES = YES;
				CLANG_ENABLE_OBJC_ARC = YES;
				CLANG_ENABLE_OBJC_WEAK = YES;
				CLANG_WARN_BLOCK_CAPTURE_AUTORELEASING = YES;
				CLANG_WARN_BOOL_CONVERSION = YES;
				CLANG_WARN_COMMA = YES;
				CLANG_WARN_CONSTANT_CONVERSION = YES;
				CLANG_WARN_DEPRECATED_OBJC_IMPLEMENTATIONS = YES;
				CLANG_WARN_DIRECT_OBJC_ISA_USAGE = YES_ERROR;
				CLANG_WARN_DOCUMENTATION_COMMENTS = YES;
				CLANG_WARN_EMPTY_BODY = YES;
				CLANG_WARN_ENUM_CONVERSION = YES;
				CLANG_WARN_INFINITE_RECURSION = YES;
				CLANG_WARN_INT_CONVERSION = YES;
				CLANG_WARN_NON_LITERAL_NULL_CONVERSION = YES;
				CLANG_WARN_OBJC_IMPLICIT_RETAIN_SELF = YES;
				CLANG_WARN_OBJC_LITERAL_CONVERSION = YES;
				CLANG_WARN_OBJC_ROOT_CLASS = YES_ERROR;
				CLANG_WARN_QUOTED_INCLUDE_IN_FRAMEWORK_HEADER = YES;
				CLANG_WARN_RANGE_LOOP_ANALYSIS = YES;
				CLANG_WARN_STRICT_PROTOTYPES = YES;
				CLANG_WARN_SUSPICIOUS_MOVE = YES;
				CLANG_WARN_UNGUARDED_AVAILABILITY = YES_AGGRESSIVE;
				CLANG_WARN_UNREACHABLE_CODE = YES;
				CLANG_WARN__DUPLICATE_METHOD_MATCH = YES;
				COPY_PHASE_STRIP = NO;
				DEBUG_INFORMATION_FORMAT = dwarf;
				ENABLE_STRICT_OBJC_MSGSEND = YES;
				ENABLE_TESTABILITY = YES;
				GCC_C_LANGUAGE_STANDARD = gnu11;
				GCC_DYNAMIC_NO_PIC = NO;
				GCC_NO_COMMON_BLOCKS = YES;
				GCC_OPTIMIZATION_LEVEL = 0;
				GCC_PREPROCESSOR_DEFINITIONS = (
					"DEBUG=1",
					"$(inherited)",
				);
				GCC_WARN_64_TO_32_BIT_CONVERSION = YES;
				GCC_WARN_ABOUT_RETURN_TYPE = YES_ERROR;
				GCC_WARN_UNDECLARED_SELECTOR = YES;
				GCC_WARN_UNINITIALIZED_AUTOS = YES_AGGRESSIVE;
				GCC_WARN_UNUSED_FUNCTION = YES;
				GCC_WARN_UNUSED_VARIABLE = YES;
				IPHONEOS_DEPLOYMENT_TARGET = 15.0;
				MTL_ENABLE_DEBUG_INFO = INCLUDE_SOURCE;
				MTL_FAST_MATH = YES;
				ONLY_ACTIVE_ARCH = YES;
				SDKROOT = iphoneos;
				SWIFT_ACTIVE_COMPILATION_CONDITIONS = DEBUG;
				SWIFT_OPTIMIZATION_LEVEL = "-Onone";
			};
			name = Debug;
		};
		44EDE6FB27550062006FDB63 /* Release */ = {
			isa = XCBuildConfiguration;
			buildSettings = {
				ALWAYS_SEARCH_USER_PATHS = NO;
				CLANG_ANALYZER_NONNULL = YES;
				CLANG_ANALYZER_NUMBER_OBJECT_CONVERSION = YES_AGGRESSIVE;
				CLANG_CXX_LANGUAGE_STANDARD = "gnu++17";
				CLANG_CXX_LIBRARY = "libc++";
				CLANG_ENABLE_MODULES = YES;
				CLANG_ENABLE_OBJC_ARC = YES;
				CLANG_ENABLE_OBJC_WEAK = YES;
				CLANG_WARN_BLOCK_CAPTURE_AUTORELEASING = YES;
				CLANG_WARN_BOOL_CONVERSION = YES;
				CLANG_WARN_COMMA = YES;
				CLANG_WARN_CONSTANT_CONVERSION = YES;
				CLANG_WARN_DEPRECATED_OBJC_IMPLEMENTATIONS = YES;
				CLANG_WARN_DIRECT_OBJC_ISA_USAGE = YES_ERROR;
				CLANG_WARN_DOCUMENTATION_COMMENTS = YES;
				CLANG_WARN_EMPTY_BODY = YES;
				CLANG_WARN_ENUM_CONVERSION = YES;
				CLANG_WARN_INFINITE_RECURSION = YES;
				CLANG_WARN_INT_CONVERSION = YES;
				CLANG_WARN_NON_LITERAL_NULL_CONVERSION = YES;
				CLANG_WARN_OBJC_IMPLICIT_RETAIN_SELF = YES;
				CLANG_WARN_OBJC_LITERAL_CONVERSION = YES;
				CLANG_WARN_OBJC_ROOT_CLASS = YES_ERROR;
				CLANG_WARN_QUOTED_INCLUDE_IN_FRAMEWORK_HEADER = YES;
				CLANG_WARN_RANGE_LOOP_ANALYSIS = YES;
				CLANG_WARN_STRICT_PROTOTYPES = YES;
				CLANG_WARN_SUSPICIOUS_MOVE = YES;
				CLANG_WARN_UNGUARDED_AVAILABILITY = YES_AGGRESSIVE;
				CLANG_WARN_UNREACHABLE_CODE = YES;
				CLANG_WARN__DUPLICATE_METHOD_MATCH = YES;
				COPY_PHASE_STRIP = NO;
				DEBUG_INFORMATION_FORMAT = "dwarf-with-dsym";
				ENABLE_NS_ASSERTIONS = NO;
				ENABLE_STRICT_OBJC_MSGSEND = YES;
				GCC_C_LANGUAGE_STANDARD = gnu11;
				GCC_NO_COMMON_BLOCKS = YES;
				GCC_WARN_64_TO_32_BIT_CONVERSION = YES;
				GCC_WARN_ABOUT_RETURN_TYPE = YES_ERROR;
				GCC_WARN_UNDECLARED_SELECTOR = YES;
				GCC_WARN_UNINITIALIZED_AUTOS = YES_AGGRESSIVE;
				GCC_WARN_UNUSED_FUNCTION = YES;
				GCC_WARN_UNUSED_VARIABLE = YES;
				IPHONEOS_DEPLOYMENT_TARGET = 15.0;
				MTL_ENABLE_DEBUG_INFO = NO;
				MTL_FAST_MATH = YES;
				SDKROOT = iphoneos;
				SWIFT_COMPILATION_MODE = wholemodule;
				SWIFT_OPTIMIZATION_LEVEL = "-O";
				VALIDATE_PRODUCT = YES;
			};
			name = Release;
		};
		44EDE6FD27550062006FDB63 /* Debug */ = {
			isa = XCBuildConfiguration;
			buildSettings = {
				ASSETCATALOG_COMPILER_APPICON_NAME = AppIcon;
				ASSETCATALOG_COMPILER_GLOBAL_ACCENT_COLOR_NAME = AccentColor;
				CODE_SIGN_STYLE = Automatic;
				CURRENT_PROJECT_VERSION = 1;
				GENERATE_INFOPLIST_FILE = YES;
				INFOPLIST_FILE = OrderManagement/Info.plist;
				INFOPLIST_KEY_UIApplicationSupportsIndirectInputEvents = YES;
				INFOPLIST_KEY_UILaunchStoryboardName = LaunchScreen;
				INFOPLIST_KEY_UISupportedInterfaceOrientations_iPad = "UIInterfaceOrientationPortrait UIInterfaceOrientationPortraitUpsideDown UIInterfaceOrientationLandscapeLeft UIInterfaceOrientationLandscapeRight";
				INFOPLIST_KEY_UISupportedInterfaceOrientations_iPhone = "UIInterfaceOrientationPortrait UIInterfaceOrientationLandscapeLeft UIInterfaceOrientationLandscapeRight";
				LD_RUNPATH_SEARCH_PATHS = (
					"$(inherited)",
					"@executable_path/Frameworks",
				);
				MARKETING_VERSION = 1.0;
				PRODUCT_BUNDLE_IDENTIFIER = vshapovalov.OrderManagement;
				PRODUCT_NAME = "$(TARGET_NAME)";
				SWIFT_EMIT_LOC_STRINGS = YES;
				SWIFT_VERSION = 5.0;
				TARGETED_DEVICE_FAMILY = 1;
			};
			name = Debug;
		};
		44EDE6FE27550062006FDB63 /* Release */ = {
			isa = XCBuildConfiguration;
			buildSettings = {
				ASSETCATALOG_COMPILER_APPICON_NAME = AppIcon;
				ASSETCATALOG_COMPILER_GLOBAL_ACCENT_COLOR_NAME = AccentColor;
				CODE_SIGN_STYLE = Automatic;
				CURRENT_PROJECT_VERSION = 1;
				GENERATE_INFOPLIST_FILE = YES;
				INFOPLIST_FILE = OrderManagement/Info.plist;
				INFOPLIST_KEY_UIApplicationSupportsIndirectInputEvents = YES;
				INFOPLIST_KEY_UILaunchStoryboardName = LaunchScreen;
				INFOPLIST_KEY_UISupportedInterfaceOrientations_iPad = "UIInterfaceOrientationPortrait UIInterfaceOrientationPortraitUpsideDown UIInterfaceOrientationLandscapeLeft UIInterfaceOrientationLandscapeRight";
				INFOPLIST_KEY_UISupportedInterfaceOrientations_iPhone = "UIInterfaceOrientationPortrait UIInterfaceOrientationLandscapeLeft UIInterfaceOrientationLandscapeRight";
				LD_RUNPATH_SEARCH_PATHS = (
					"$(inherited)",
					"@executable_path/Frameworks",
				);
				MARKETING_VERSION = 1.0;
				PRODUCT_BUNDLE_IDENTIFIER = vshapovalov.OrderManagement;
				PRODUCT_NAME = "$(TARGET_NAME)";
				SWIFT_EMIT_LOC_STRINGS = YES;
				SWIFT_VERSION = 5.0;
				TARGETED_DEVICE_FAMILY = 1;
			};
			name = Release;
		};
/* End XCBuildConfiguration section */

/* Begin XCConfigurationList section */
		44EDE6E027550060006FDB63 /* Build configuration list for PBXProject "OrderManagement" */ = {
			isa = XCConfigurationList;
			buildConfigurations = (
				44EDE6FA27550062006FDB63 /* Debug */,
				44EDE6FB27550062006FDB63 /* Release */,
			);
			defaultConfigurationIsVisible = 0;
			defaultConfigurationName = Release;
		};
		44EDE6FC27550062006FDB63 /* Build configuration list for PBXNativeTarget "OrderManagement" */ = {
			isa = XCConfigurationList;
			buildConfigurations = (
				44EDE6FD27550062006FDB63 /* Debug */,
				44EDE6FE27550062006FDB63 /* Release */,
			);
			defaultConfigurationIsVisible = 0;
			defaultConfigurationName = Release;
		};
/* End XCConfigurationList section */

/* Begin XCVersionGroup section */
		44EDE6F127550060006FDB63 /* OrderManagement.xcdatamodeld */ = {
			isa = XCVersionGroup;
			children = (
				44EDE6F227550060006FDB63 /* OrderManagement.xcdatamodel */,
			);
			currentVersion = 44EDE6F227550060006FDB63 /* OrderManagement.xcdatamodel */;
			path = OrderManagement.xcdatamodeld;
			sourceTree = "<group>";
			versionGroupType = wrapper.xcdatamodel;
		};
/* End XCVersionGroup section */
	};
	rootObject = 44EDE6DD27550060006FDB63 /* Project object */;
}
